{
    "_meta": {
        "hash": {
            "sha256": "4a6b84c70237de7eb44df6a630a10d3c8dbccfd993967f369d15f4ad66276c1f"
        },
        "pipfile-spec": 6,
        "requires": {
            "python_version": "3.7"
        },
        "sources": [
            {
                "name": "pypi",
                "url": "https://pypi.org/simple",
                "verify_ssl": true
            }
        ]
    },
    "default": {
        "django": {
            "hashes": [
                "sha256:068d51054083d06ceb32ce02b7203f1854256047a0d58682677dd4f81bceabd7",
                "sha256:55409a056b27e6d1246f19ede41c6c610e4cab549c005b62cbeefabc6433356b"
            ],
            "index": "pypi",
            "version": "==2.1.4"
        },
        "faker": {
            "hashes": [
                "sha256:c61a41d0dab8865b850bd00454fb11e90f3fd2a092d8bc90120d1e1c01cff906",
                "sha256:f909ff9133ce0625ca388b6838190630ad7a593f87eaf058d872338a76241d5d"
            ],
            "index": "pypi",
            "version": "==1.0.0"
        },
        "python-dateutil": {
            "hashes": [
                "sha256:063df5763652e21de43de7d9e00ccf239f953a832941e37be541614732cdfc93",
                "sha256:88f9287c0174266bb0d8cedd395cfba9c58e87e5ad86b2ce58859bc11be3cf02"
            ],
            "version": "==2.7.5"
        },
        "pytz": {
            "hashes": [
                "sha256:31cb35c89bd7d333cd32c5f278fca91b523b0834369e757f4c5641ea252236ca",
                "sha256:8e0f8568c118d3077b46be7d654cc8167fa916092e28320cde048e54bfc9f1e6"
            ],
            "version": "==2018.7"
        },
        "six": {
            "hashes": [
                "sha256:70e8a77beed4562e7f14fe23a786b54f6296e34344c23bc42f07b15018ff98e9",
                "sha256:832dc0e10feb1aa2c68dcc57dbb658f1c7e65b9b61af69048abc87a2db00a0eb"
            ],
            "version": "==1.11.0"
        },
        "text-unidecode": {
            "hashes": [
                "sha256:5a1375bb2ba7968740508ae38d92e1f889a0832913cb1c447d5e2046061a396d",
                "sha256:801e38bd550b943563660a91de8d4b6fa5df60a542be9093f7abf819f86050cc"
            ],
            "version": "==1.2"
        }
    },
    "develop": {}
}
