{
    "_meta": {
        "hash": {
            "sha256": "21bafb8d7e152eb02599afb0885d44057704e25e7af9cc7a15804f30a8dc6022"
        },
        "pipfile-spec": 6,
        "requires": {
            "python_version": "3.6"
        },
        "sources": [
            {
                "name": "pypi",
                "url": "https://pypi.org/simple",
                "verify_ssl": true
            }
        ]
    },
    "default": {
        "certifi": {
            "hashes": [
                "sha256:339dc09518b07e2fa7eda5450740925974815557727d6bd35d319c1524a04a4c",
                "sha256:6d58c986d22b038c8c0df30d639f23a3e6d172a05c3583e766f4c0b785c0986a"
            ],
            "version": "==2018.10.15"
        },
        "chardet": {
            "hashes": [
                "sha256:84ab92ed1c4d4f16916e05906b6b75a6c0fb5db821cc65e70cbd64a3e2a5eaae",
                "sha256:fc323ffcaeaed0e0a02bf4d117757b98aed530d9ed4531e3e15460124c106691"
            ],
            "version": "==3.0.4"
        },
        "datetime": {
            "hashes": [
                "sha256:371dba07417b929a4fa685c2f7a3eaa6a62d60c02947831f97d4df9a9e70dfd0",
                "sha256:5cef605bab8259ff61281762cdf3290e459fbf0b4719951d5fab967d5f2ea0ea"
            ],
            "index": "pypi",
            "version": "==4.3"
        },
        "dj-database-url": {
            "hashes": [
                "sha256:4aeaeb1f573c74835b0686a2b46b85990571159ffc21aa57ecd4d1e1cb334163",
                "sha256:851785365761ebe4994a921b433062309eb882fedd318e1b0fcecc607ed02da9"
            ],
            "index": "pypi",
            "version": "==0.5.0"
        },
        "django": {
            "hashes": [
                "sha256:acdcc1f61fdb0a0c82a1d3bf1879a414e7732ea894a7632af7f6d66ec7ab5bb3",
                "sha256:efbcad7ebb47daafbcead109b38a5bd519a3c3cd92c6ed0f691ff97fcdd16b45"
            ],
            "index": "pypi",
            "version": "==2.1.2"
        },
        "django-cors-headers": {
            "hashes": [
                "sha256:5545009c9b233ea7e70da7dbab7cb1c12afa01279895086f98ec243d7eab46fa",
                "sha256:c4c2ee97139d18541a1be7d96fe337d1694623816d83f53cb7c00da9b94acae1"
            ],
            "index": "pypi",
            "version": "==2.4.0"
        },
        "django-rest-multiple-models": {
            "hashes": [
                "sha256:3e98b87b382a05bc34622411d3f5b68ed3ab958d78cf70e09218d1d022652b06",
                "sha256:54c9c2e92a56c751772acbf1dd3cfc95933645d27fe2a18366eb58ac4c47517e"
            ],
            "index": "pypi",
            "version": "==2.1.1"
        },
        "djangorestframework": {
            "hashes": [
                "sha256:607865b0bb1598b153793892101d881466bd5a991de12bd6229abb18b1c86136",
                "sha256:63f76cbe1e7d12b94c357d7e54401103b2e52aef0f7c1650d6c820ad708776e5"
            ],
            "index": "pypi",
            "version": "==3.9.0"
        },
        "djangorestframework-jwt": {
            "hashes": [
                "sha256:5efe33032f3a4518a300dc51a51c92145ad95fb6f4b272e5aa24701db67936a7",
                "sha256:ab15dfbbe535eede8e2e53adaf52ef0cf018ee27dbfad10cbc4cbec2ab63d38c"
            ],
            "index": "pypi",
            "version": "==1.11.0"
        },
        "idna": {
            "hashes": [
                "sha256:156a6814fb5ac1fc6850fb002e0852d56c0c8d2531923a51032d1b70760e186e",
                "sha256:684a38a6f903c1d71d6d5fac066b58d7768af4de2b832e426ec79c30daa94a16"
            ],
            "version": "==2.7"
        },
        "pyjwt": {
            "hashes": [
                "sha256:30b1380ff43b55441283cc2b2676b755cca45693ae3097325dea01f3d110628c",
                "sha256:4ee413b357d53fd3fb44704577afac88e72e878716116270d722723d65b42176"
            ],
            "version": "==1.6.4"
        },
        "python-decouple": {
            "hashes": [
                "sha256:1317df14b43efee4337a4aa02914bf004f010cd56d6c4bd894e6474ec8c4fe2d"
            ],
            "index": "pypi",
            "version": "==3.1"
        },
        "pytz": {
            "hashes": [
                "sha256:a061aa0a9e06881eb8b3b2b43f05b9439d6583c206d0a6c340ff72a7b6669053",
                "sha256:ffb9ef1de172603304d9d2819af6f5ece76f2e85ec10692a524dd876e72bf277"
            ],
            "version": "==2018.5"
        },
        "requests": {
            "hashes": [
                "sha256:99dcfdaaeb17caf6e526f32b6a7b780461512ab3f1d992187801694cba42770c",
                "sha256:a84b8c9ab6239b578f22d1c21d51b696dcfe004032bb80ea832398d6909d7279"
            ],
            "index": "pypi",
            "version": "==2.20.0"
        },
        "urllib3": {
            "hashes": [
                "sha256:41c3db2fc01e5b907288010dec72f9d0a74e37d6994e6eb56849f59fea2265ae",
                "sha256:8819bba37a02d143296a4d032373c4dd4aca11f6d4c9973335ca75f9c8475f59"
            ],
            "markers": "python_version != '3.2.*' and python_version < '4' and python_version >= '2.7' and python_version != '3.1.*' and python_version != '3.0.*' and python_version != '3.3.*'",
            "version": "==1.24"
        },
        "whitenoise": {
            "hashes": [
                "sha256:133a92ff0ab8fb9509f77d4f7d0de493eca19c6fea973f4195d4184f888f2e02",
                "sha256:32b57d193478908a48acb66bf73e7a3c18679263e3e64bfebcfac1144a430039"
            ],
            "index": "pypi",
            "version": "==4.1"
        },
        "zope.interface": {
            "hashes": [
                "sha256:21506674d30c009271fe68a242d330c83b1b9d76d62d03d87e1e9528c61beea6",
                "sha256:3d184aff0756c44fff7de69eb4cd5b5311b6f452d4de28cb08343b3f21993763",
                "sha256:40c89d3a4e7e6c20db80be638a0a2be103b659ae3b2fc92e25ef1c7ac11be798",
                "sha256:425e1458d7b893f3ae2fb1bd8344e7bb0beaa114cdc91299c797442638021a17",
                "sha256:467d364b24cb398f76ad5e90398d71b9325eb4232be9e8a50d6a3b3c7a1c8789",
                "sha256:4d17483ec4177ee085e690d8d4104de913392250bc50f41fb240c9f378bfb88b",
                "sha256:57c38470d9f57e37afb460c399eb254e7193ac7fb8042bd09bdc001981a9c74c",
                "sha256:727aa737a48dd33d6859296f15edb54e85ccdfa5667513f7a50daf362b3df75b",
                "sha256:7307f7e341f47f057756e1e0e9f5bad85d4cf55a6a8aaafe681e2e5e5dd79446",
                "sha256:9ada83f4384bbb12dedc152bcdd46a3ac9f5f7720d43ac3ce3e8e8b91d733c10",
                "sha256:a1daf9c5120f3cc6f2b5fef8e1d2a3fb7bbbb20ed4bfdc25bc8364bc62dcf54b",
                "sha256:aa1f22d5380d440c78bd9b13dbe697292422277a30eeabcd0ba66b6e37a25ef1",
                "sha256:b445e2d58d8faa94a9ae863ed10c661e05d7ba6ce00548867a0153e6d927e4a2",
                "sha256:c2a0ba07228921393b0e28d7306bf8652d5d392cff7eea3f4c0ba599b28f85de",
                "sha256:e6b77ae84f2b8502d99a7855fa33334a1eb6159de45626905cb3e454c023f339",
                "sha256:e881ef610ff48aece2f4ee2af03d2db1a146dc7c705561bd6089b2356f61641f",
                "sha256:ec3cdfb92f714fc02aaf390ee34e7fa636a0478a0976733ac2b39bc23b11a095",
                "sha256:ef4b9bf3ff28a874a2becda91c281ef4dbc89f9ceacfb1d11040893080a48e18",
                "sha256:f41037260deaacb875db250021fe883bf536bf6414a4fd25b25059b02e31b120"
            ],
            "markers": "python_version != '3.0.*' and python_version != '3.3.*' and python_version != '3.2.*' and python_version != '3.1.*' and python_version >= '2.7'",
            "version": "==4.5.0"
        }
    },
    "develop": {}
}
