{
    "_meta": {
        "hash": {
            "sha256": "4553c2bfc0c53a004f7efcc70d2f3b8f4ff8c045e242f1268a8fff052821e67c"
        },
        "pipfile-spec": 6,
        "requires": {
            "python_version": "3.6"
        },
        "sources": [
            {
                "name": "pypi",
                "url": "https://pypi.org/simple",
                "verify_ssl": true
            }
        ]
    },
    "default": {
        "pysqlite3": {
            "hashes": [
                "sha256:cdb2c3566f5b4fb1dbbe46d6b82c004f7a3746c5dd5e10000475f85624ccb7e8"
            ],
            "index": "pypi",
            "version": "==0.2.0"
        },
        "python-decouple": {
            "hashes": [
                "sha256:1317df14b43efee4337a4aa02914bf004f010cd56d6c4bd894e6474ec8c4fe2d"
            ],
            "index": "pypi",
            "version": "==3.1"
        }
    },
    "develop": {}
}
